
Microsoft Visual Studio Solution File, Format Version 12.00
# Visual Studio 14
VisualStudioVersion = 14.0.24720.0
MinimumVisualStudioVersion = 10.0.40219.1
Project("{FAE04EC0-301F-11D3-BF4B-00C04F79EFBC}") = "TestApplication", "TestApplication\TestApplication.csproj", "{1E2A30CC-4660-4985-9050-1B6AB6758419}"
EndProject
Project("{FAE04EC0-301F-11D3-BF4B-00C04F79EFBC}") = "B2Lib", "B2Lib\B2Lib.csproj", "{611D9B5B-8AE1-4137-B1D4-9FBF996F704E}"
EndProject
Project("{FAE04EC0-301F-11D3-BF4B-00C04F79EFBC}") = "B2Lib.Tests", "B2Lib.Tests\B2Lib.Tests.csproj", "{C2C6F129-567D-43B8-8CA8-FF8939774F72}"
EndProject
Project("{FAE04EC0-301F-11D3-BF4B-00C04F79EFBC}") = "B2Lib.SyncExtensions", "B2Lib.SyncExtensions\B2Lib.SyncExtensions.csproj", "{1F83C227-1716-4FD1-B9DE-E804E449B5D4}"
EndProject
Project("{FAE04EC0-301F-11D3-BF4B-00C04F79EFBC}") = "B2Powershell", "B2Powershell\B2Powershell.csproj", "{E8201B74-0701-4D3C-B857-398E9610178B}"
EndProject
Project("{2150E333-8FDC-42A3-9474-1A3956D46DE8}") = "Library", "Library", "{A28BBCC4-F14F-427F-BE0E-766C5C24ECA2}"
EndProject
Project("{2150E333-8FDC-42A3-9474-1A3956D46DE8}") = "Clients", "Clients", "{40A632FF-B422-4318-B24B-C05307EFC5A5}"
EndProject
Project("{2150E333-8FDC-42A3-9474-1A3956D46DE8}") = "Tests", "Tests", "{9639B12B-2244-44FF-90A4-AFD6EE2E6AE4}"
EndProject
Global
	GlobalSection(SolutionConfigurationPlatforms) = preSolution
		Debug|Any CPU = Debug|Any CPU
		Release|Any CPU = Release|Any CPU
	EndGlobalSection
	GlobalSection(ProjectConfigurationPlatforms) = postSolution
		{1E2A30CC-4660-4985-9050-1B6AB6758419}.Debug|Any CPU.ActiveCfg = Debug|Any CPU
		{1E2A30CC-4660-4985-9050-1B6AB6758419}.Debug|Any CPU.Build.0 = Debug|Any CPU
		{1E2A30CC-4660-4985-9050-1B6AB6758419}.Release|Any CPU.ActiveCfg = Release|Any CPU
		{1E2A30CC-4660-4985-9050-1B6AB6758419}.Release|Any CPU.Build.0 = Release|Any CPU
		{611D9B5B-8AE1-4137-B1D4-9FBF996F704E}.Debug|Any CPU.ActiveCfg = Debug|Any CPU
		{611D9B5B-8AE1-4137-B1D4-9FBF996F704E}.Debug|Any CPU.Build.0 = Debug|Any CPU
		{611D9B5B-8AE1-4137-B1D4-9FBF996F704E}.Release|Any CPU.ActiveCfg = Release|Any CPU
		{611D9B5B-8AE1-4137-B1D4-9FBF996F704E}.Release|Any CPU.Build.0 = Release|Any CPU
		{C2C6F129-567D-43B8-8CA8-FF8939774F72}.Debug|Any CPU.ActiveCfg = Debug|Any CPU
		{C2C6F129-567D-43B8-8CA8-FF8939774F72}.Debug|Any CPU.Build.0 = Debug|Any CPU
		{C2C6F129-567D-43B8-8CA8-FF8939774F72}.Release|Any CPU.ActiveCfg = Release|Any CPU
		{C2C6F129-567D-43B8-8CA8-FF8939774F72}.Release|Any CPU.Build.0 = Release|Any CPU
		{1F83C227-1716-4FD1-B9DE-E804E449B5D4}.Debug|Any CPU.ActiveCfg = Debug|Any CPU
		{1F83C227-1716-4FD1-B9DE-E804E449B5D4}.Debug|Any CPU.Build.0 = Debug|Any CPU
		{1F83C227-1716-4FD1-B9DE-E804E449B5D4}.Release|Any CPU.ActiveCfg = Release|Any CPU
		{1F83C227-1716-4FD1-B9DE-E804E449B5D4}.Release|Any CPU.Build.0 = Release|Any CPU
		{E8201B74-0701-4D3C-B857-398E9610178B}.Debug|Any CPU.ActiveCfg = Debug|Any CPU
		{E8201B74-0701-4D3C-B857-398E9610178B}.Debug|Any CPU.Build.0 = Debug|Any CPU
		{E8201B74-0701-4D3C-B857-398E9610178B}.Release|Any CPU.ActiveCfg = Release|Any CPU
		{E8201B74-0701-4D3C-B857-398E9610178B}.Release|Any CPU.Build.0 = Release|Any CPU
	EndGlobalSection
	GlobalSection(SolutionProperties) = preSolution
		HideSolutionNode = FALSE
	EndGlobalSection
	GlobalSection(NestedProjects) = preSolution
		{1E2A30CC-4660-4985-9050-1B6AB6758419} = {A28BBCC4-F14F-427F-BE0E-766C5C24ECA2}
		{611D9B5B-8AE1-4137-B1D4-9FBF996F704E} = {40A632FF-B422-4318-B24B-C05307EFC5A5}
		{C2C6F129-567D-43B8-8CA8-FF8939774F72} = {9639B12B-2244-44FF-90A4-AFD6EE2E6AE4}
		{1F83C227-1716-4FD1-B9DE-E804E449B5D4} = {40A632FF-B422-4318-B24B-C05307EFC5A5}
		{E8201B74-0701-4D3C-B857-398E9610178B} = {A28BBCC4-F14F-427F-BE0E-766C5C24ECA2}
	EndGlobalSection
EndGlobal
